{
  "version": 4,
  "terraform_version": "1.3.2",
  "serial": 33,
  "lineage": "24044f9d-6036-1731-846d-e26d96d1fc18",
  "outputs": {},
  "resources": [
    {
      "mode": "managed",
      "type": "azurerm_container_group",
      "name": "acg-aula-infra",
      "provider": "provider[\"registry.terraform.io/hashicorp/azurerm\"]",
      "instances": [
        {
          "schema_version": 0,
          "attributes": {
            "container": [
              {
                "commands": [],
                "cpu": 0.5,
                "environment_variables": {},
                "gpu": [],
                "image": "mcr.microsoft.com/azuredocs/aci-helloworld:latest",
                "liveness_probe": [],
                "memory": 1.5,
                "name": "hello-world",
                "ports": [
                  {
                    "port": 80,
                    "protocol": "TCP"
                  }
                ],
                "readiness_probe": [],
                "secure_environment_variables": {},
                "volume": []
              },
              {
                "commands": [],
                "cpu": 0.5,
                "environment_variables": {},
                "gpu": [],
                "image": "mcr.microsoft.com/azuredocs/aci-tutorial-sidecar",
                "liveness_probe": [],
                "memory": 1.5,
                "name": "sidecar",
                "ports": [],
                "readiness_probe": [],
                "secure_environment_variables": {},
                "volume": []
              }
            ],
            "diagnostics": [],
            "dns_config": [],
            "dns_name_label": "aula-infra-impacta-glaucia",
            "exposed_port": [
              {
                "port": 80,
                "protocol": "TCP"
              }
            ],
            "fqdn": "aula-infra-impacta-glaucia.westus.azurecontainer.io",
            "id": "/subscriptions/99069990-be5b-4d67-9f21-49ceb78da068/resourceGroups/myResourceGroup/providers/Microsoft.ContainerInstance/containerGroups/acg-aula-infra",
            "identity": [],
            "image_registry_credential": [],
            "ip_address": "20.66.44.123",
            "ip_address_type": "Public",
            "location": "westus",
            "name": "acg-aula-infra",
            "network_profile_id": null,
            "os_type": "Linux",
            "resource_group_name": "myResourceGroup",
            "restart_policy": "Always",
            "tags": {
              "disciplina": "cloud",
              "turma": "AS/ES"
            },
            "timeouts": null
          },
          "sensitive_attributes": [],
          "private": "eyJlMmJmYjczMC1lY2FhLTExZTYtOGY4OC0zNDM2M2JjN2M0YzAiOnsiY3JlYXRlIjoxODAwMDAwMDAwMDAwLCJkZWxldGUiOjE4MDAwMDAwMDAwMDAsInJlYWQiOjMwMDAwMDAwMDAwMCwidXBkYXRlIjoxODAwMDAwMDAwMDAwfX0=",
          "dependencies": [
            "azurerm_resource_group.rg-aula-infra"
          ]
        }
      ]
    },
    {
      "mode": "managed",
      "type": "azurerm_mysql_database",
      "name": "db-aula",
      "provider": "provider[\"registry.terraform.io/hashicorp/azurerm\"]",
      "instances": [
        {
          "schema_version": 0,
          "attributes": {
            "charset": "utf8",
            "collation": "utf8_unicode_ci",
            "id": "/subscriptions/99069990-be5b-4d67-9f21-49ceb78da068/resourceGroups/myResourceGroup/providers/Microsoft.DBforMySQL/servers/server-db-mysql/databases/db-aula",
            "name": "db-aula",
            "resource_group_name": "myResourceGroup",
            "server_name": "server-db-mysql",
            "timeouts": null
          },
          "sensitive_attributes": [],
          "private": "eyJlMmJmYjczMC1lY2FhLTExZTYtOGY4OC0zNDM2M2JjN2M0YzAiOnsiY3JlYXRlIjozNjAwMDAwMDAwMDAwLCJkZWxldGUiOjM2MDAwMDAwMDAwMDAsInJlYWQiOjMwMDAwMDAwMDAwMCwidXBkYXRlIjozNjAwMDAwMDAwMDAwfX0=",
          "dependencies": [
            "azurerm_mysql_server.srv-db-mysql-aula-infra",
            "azurerm_resource_group.rg-aula-infra"
          ]
        }
      ]
    },
    {
      "mode": "managed",
      "type": "azurerm_mysql_server",
      "name": "srv-db-mysql-aula-infra",
      "provider": "provider[\"registry.terraform.io/hashicorp/azurerm\"]",
      "instances": [
        {
          "schema_version": 0,
          "attributes": {
            "administrator_login": "mysqladminun",
            "administrator_login_password": "Teste@admin123",
            "auto_grow_enabled": true,
            "backup_retention_days": 7,
            "create_mode": "Default",
            "creation_source_server_id": null,
            "fqdn": "server-db-mysql.mysql.database.azure.com",
            "geo_redundant_backup_enabled": true,
            "id": "/subscriptions/99069990-be5b-4d67-9f21-49ceb78da068/resourceGroups/myResourceGroup/providers/Microsoft.DBforMySQL/servers/server-db-mysql",
            "identity": [],
            "infrastructure_encryption_enabled": true,
            "location": "westus",
            "name": "server-db-mysql",
            "public_network_access_enabled": true,
            "resource_group_name": "myResourceGroup",
            "restore_point_in_time": null,
            "sku_name": "GP_Gen5_2",
            "ssl_enforcement_enabled": true,
            "ssl_minimal_tls_version_enforced": "TLS1_2",
            "storage_mb": 5120,
            "tags": {},
            "threat_detection_policy": [],
            "timeouts": null,
            "version": "5.7"
          },
          "sensitive_attributes": [],
          "private": "eyJlMmJmYjczMC1lY2FhLTExZTYtOGY4OC0zNDM2M2JjN2M0YzAiOnsiY3JlYXRlIjozNjAwMDAwMDAwMDAwLCJkZWxldGUiOjM2MDAwMDAwMDAwMDAsInJlYWQiOjMwMDAwMDAwMDAwMCwidXBkYXRlIjozNjAwMDAwMDAwMDAwfX0=",
          "dependencies": [
            "azurerm_resource_group.rg-aula-infra"
          ]
        }
      ]
    },
    {
      "mode": "managed",
      "type": "azurerm_resource_group",
      "name": "rg-aula-infra",
      "provider": "provider[\"registry.terraform.io/hashicorp/azurerm\"]",
      "instances": [
        {
          "schema_version": 0,
          "attributes": {
            "id": "/subscriptions/99069990-be5b-4d67-9f21-49ceb78da068/resourceGroups/myResourceGroup",
            "location": "westus",
            "name": "myResourceGroup",
            "tags": {},
            "timeouts": null
          },
          "sensitive_attributes": [],
          "private": "eyJlMmJmYjczMC1lY2FhLTExZTYtOGY4OC0zNDM2M2JjN2M0YzAiOnsiY3JlYXRlIjo1NDAwMDAwMDAwMDAwLCJkZWxldGUiOjU0MDAwMDAwMDAwMDAsInJlYWQiOjMwMDAwMDAwMDAwMCwidXBkYXRlIjo1NDAwMDAwMDAwMDAwfX0="
        }
      ]
    }
  ],
  "check_results": []
}
